
Microsoft Visual Studio Solution File, Format Version 12.00
# Visual Studio Version 17
VisualStudioVersion = 17.8.34330.188
MinimumVisualStudioVersion = 10.0.40219.1
Project("{8BC9CEB8-8B4A-11D0-8D11-00A0C91BC942}") = "HashTableUInt32", "HashTableUInt32.vcxproj", "{37ADEB5F-1D9F-4C2F-B8D4-D24B6827A491}"
EndProject
Global
	GlobalSection(SolutionConfigurationPlatforms) = preSolution
		Debug|x64 = Debug|x64
		Debug|x86 = Debug|x86
		Release|x64 = Release|x64
		Release|x86 = Release|x86
	EndGlobalSection
	GlobalSection(ProjectConfigurationPlatforms) = postSolution
		{37ADEB5F-1D9F-4C2F-B8D4-D24B6827A491}.Debug|x64.ActiveCfg = Debug|x64
		{37ADEB5F-1D9F-4C2F-B8D4-D24B6827A491}.Debug|x64.Build.0 = Debug|x64
		{37ADEB5F-1D9F-4C2F-B8D4-D24B6827A491}.Debug|x86.ActiveCfg = Debug|Win32
		{37ADEB5F-1D9F-4C2F-B8D4-D24B6827A491}.Debug|x86.Build.0 = Debug|Win32
		{37ADEB5F-1D9F-4C2F-B8D4-D24B6827A491}.Release|x64.ActiveCfg = Release|x64
		{37ADEB5F-1D9F-4C2F-B8D4-D24B6827A491}.Release|x64.Build.0 = Release|x64
		{37ADEB5F-1D9F-4C2F-B8D4-D24B6827A491}.Release|x86.ActiveCfg = Release|Win32
		{37ADEB5F-1D9F-4C2F-B8D4-D24B6827A491}.Release|x86.Build.0 = Release|Win32
	EndGlobalSection
	GlobalSection(SolutionProperties) = preSolution
		HideSolutionNode = FALSE
	EndGlobalSection
	GlobalSection(ExtensibilityGlobals) = postSolution
		SolutionGuid = {666530AA-2162-4E6E-9C5B-8B043D873B60}
	EndGlobalSection
EndGlobal
