<?xml version="1.0" encoding="utf-8"?>
<Project ToolsVersion="4.0" xmlns="http://schemas.microsoft.com/developer/msbuild/2003">
  <ItemGroup>
    <Filter Include="Source Files">
      <UniqueIdentifier>{4FC737F1-C7A5-4376-A066-2A32D752A2FF}</UniqueIdentifier>
      <Extensions>cpp;c;cc;cxx;c++;cppm;ixx;def;odl;idl;hpj;bat;asm;asmx</Extensions>
    </Filter>
    <Filter Include="Header Files">
      <UniqueIdentifier>{93995380-89BD-4b04-88EB-625FBE52EBFB}</UniqueIdentifier>
      <Extensions>h;hh;hpp;hxx;h++;hm;inl;inc;ipp;xsd</Extensions>
    </Filter>
    <Filter Include="Resource Files">
      <UniqueIdentifier>{67DA6AB6-F800-4c08-8B7A-83BB121AAD01}</UniqueIdentifier>
      <Extensions>rc;ico;cur;bmp;dlg;rc2;rct;bin;rgs;gif;jpg;jpeg;jpe;resx;tiff;tif;png;wav;mfcribbon-ms</Extensions>
    </Filter>
    <Filter Include="Source Files\sources">
      <UniqueIdentifier>{31bc9cfd-b0ac-4136-96a4-77dae2ef1fb8}</UniqueIdentifier>
    </Filter>
    <Filter Include="Header Files\sources">
      <UniqueIdentifier>{01324ffc-d531-447f-a237-ef118208c40e}</UniqueIdentifier>
    </Filter>
    <Filter Include="Source Files\sources\uint32_hash_table">
      <UniqueIdentifier>{76ce65f8-e50f-4e68-b816-a5375d2cd79d}</UniqueIdentifier>
    </Filter>
    <Filter Include="Header Files\sources\uint32_hash_table">
      <UniqueIdentifier>{d38c4afc-c676-45b1-a314-eae36df8fbc2}</UniqueIdentifier>
    </Filter>
    <Filter Include="Source Files\sources\uint32_hash_table\murmur_hash3">
      <UniqueIdentifier>{b6a763eb-2cae-4d00-b984-0400482ecf61}</UniqueIdentifier>
    </Filter>
    <Filter Include="Header Files\sources\uint32_hash_table\murmur_hash3">
      <UniqueIdentifier>{1a1aa30b-4238-4db7-beea-26c4ee007f1b}</UniqueIdentifier>
    </Filter>
  </ItemGroup>
  <ItemGroup>
    <ClCompile Include="sources\main.c">
      <Filter>Source Files\sources</Filter>
    </ClCompile>
    <ClCompile Include="sources\uint32_hash_table\uint32_hash_table.c">
      <Filter>Source Files\sources\uint32_hash_table</Filter>
    </ClCompile>
    <ClCompile Include="sources\uint32_hash_table\murmur_hash3\murmur_hash3.c">
      <Filter>Source Files\sources\uint32_hash_table\murmur_hash3</Filter>
    </ClCompile>
  </ItemGroup>
  <ItemGroup>
    <ClInclude Include="sources\uint32_hash_table\uint32_hash_table.h">
      <Filter>Header Files\sources\uint32_hash_table</Filter>
    </ClInclude>
    <ClInclude Include="sources\uint32_hash_table\murmur_hash3\murmur_hash3.h">
      <Filter>Header Files\sources\uint32_hash_table\murmur_hash3</Filter>
    </ClInclude>
  </ItemGroup>
</Project>